
Microsoft Visual Studio Solution File, Format Version 12.00
# Visual Studio Version 16
VisualStudioVersion = 16.0.28922.388
MinimumVisualStudioVersion = 10.0.40219.1
Project("{FAE04EC0-301F-11D3-BF4B-00C04F79EFBC}") = "SverdOgSandaler", "SverdOgSandaler.csproj", "{15E8B325-152F-49E7-A954-6112F362AF48}"
EndProject
Global
	GlobalSection(SolutionConfigurationPlatforms) = preSolution
		Debug|Any CPU = Debug|Any CPU
		Release|Any CPU = Release|Any CPU
	EndGlobalSection
	GlobalSection(ProjectConfigurationPlatforms) = postSolution
		{15E8B325-152F-49E7-A954-6112F362AF48}.Debug|Any CPU.ActiveCfg = Debug|Any CPU
		{15E8B325-152F-49E7-A954-6112F362AF48}.Debug|Any CPU.Build.0 = Debug|Any CPU
		{15E8B325-152F-49E7-A954-6112F362AF48}.Release|Any CPU.ActiveCfg = Release|Any CPU
		{15E8B325-152F-49E7-A954-6112F362AF48}.Release|Any CPU.Build.0 = Release|Any CPU
	EndGlobalSection
	GlobalSection(SolutionProperties) = preSolution
		HideSolutionNode = FALSE
	EndGlobalSection
	GlobalSection(ExtensibilityGlobals) = postSolution
		SolutionGuid = {621D029A-C83E-431B-B388-6FF345E62F31}
	EndGlobalSection
EndGlobal
