
Microsoft Visual Studio Solution File, Format Version 12.00
# Visual Studio Version 16
VisualStudioVersion = 16.0.29215.179
MinimumVisualStudioVersion = 10.0.40219.1
Project("{FAE04EC0-301F-11D3-BF4B-00C04F79EFBC}") = "WalkthoughArticle", "WalkthoughArticle.csproj", "{27828C38-9FB5-4AC0-9818-EA102CC0072E}"
EndProject
Global
	GlobalSection(SolutionConfigurationPlatforms) = preSolution
		Debug|Any CPU = Debug|Any CPU
		Release|Any CPU = Release|Any CPU
	EndGlobalSection
	GlobalSection(ProjectConfigurationPlatforms) = postSolution
		{27828C38-9FB5-4AC0-9818-EA102CC0072E}.Debug|Any CPU.ActiveCfg = Debug|Any CPU
		{27828C38-9FB5-4AC0-9818-EA102CC0072E}.Debug|Any CPU.Build.0 = Debug|Any CPU
		{27828C38-9FB5-4AC0-9818-EA102CC0072E}.Release|Any CPU.ActiveCfg = Release|Any CPU
		{27828C38-9FB5-4AC0-9818-EA102CC0072E}.Release|Any CPU.Build.0 = Release|Any CPU
	EndGlobalSection
	GlobalSection(SolutionProperties) = preSolution
		HideSolutionNode = FALSE
	EndGlobalSection
	GlobalSection(ExtensibilityGlobals) = postSolution
		SolutionGuid = {A2AA3314-FD07-4F38-A06B-D285D2574AE4}
	EndGlobalSection
EndGlobal
